dependencies:
  espressif/led_strip:
    component_hash: 28621486f77229aaf81c71f5e15d6fbf36c2949cf11094e07090593e659e7639
    dependencies:
    - name: idf
      require: private
      version: '>=5.0'
    source:
      registry_url: https://components.espressif.com/
      type: service
    version: 3.0.3
  idf:
    source:
      type: idf
    version: 5.5.3
direct_dependencies:
- espressif/led_strip
- idf
manifest_hash: d81d15ab7788d53d511000f13332a8b2a24338d4e5d93380957a3b569f8966d2
target: esp32
version: 2.0.0
